
Microsoft Visual Studio Solution File, Format Version 12.00
# Visual Studio 15
VisualStudioVersion = 15.0.27428.2005
MinimumVisualStudioVersion = 10.0.40219.1
Project("{FAE04EC0-301F-11D3-BF4B-00C04F79EFBC}") = "MD3-Droids", "MD3-Droids\Source\MD3-Droids\MD3-Droids.csproj", "{C5C8BBCA-0F47-49EE-A2D3-5B2D0645BAF6}"
EndProject
Global
	GlobalSection(SolutionConfigurationPlatforms) = preSolution
		Debug|Any CPU = Debug|Any CPU
		Release|Any CPU = Release|Any CPU
	EndGlobalSection
	GlobalSection(ProjectConfigurationPlatforms) = postSolution
		{C5C8BBCA-0F47-49EE-A2D3-5B2D0645BAF6}.Debug|Any CPU.ActiveCfg = Debug|Any CPU
		{C5C8BBCA-0F47-49EE-A2D3-5B2D0645BAF6}.Debug|Any CPU.Build.0 = Debug|Any CPU
		{C5C8BBCA-0F47-49EE-A2D3-5B2D0645BAF6}.Release|Any CPU.ActiveCfg = Release|Any CPU
		{C5C8BBCA-0F47-49EE-A2D3-5B2D0645BAF6}.Release|Any CPU.Build.0 = Release|Any CPU
	EndGlobalSection
	GlobalSection(SolutionProperties) = preSolution
		HideSolutionNode = FALSE
	EndGlobalSection
	GlobalSection(ExtensibilityGlobals) = postSolution
		SolutionGuid = {222D1130-18AF-472D-9F61-5A00A25F4001}
	EndGlobalSection
EndGlobal
